// !$*UTF8*$!
{
	archiveVersion = 1;
	classes = {
	};
	objectVersion = 46;
	objects = {

/* Begin PBXBuildFile section */
		882256AA17C5B1550020FB45 /* DriverDetail.m in Sources */ = {isa = PBXBuildFile; fileRef = 882256A917C5B1550020FB45 /* DriverDetail.m */; };
		882256AE17C5B63A0020FB45 /* CustomerCommentCell.m in Sources */ = {isa = PBXBuildFile; fileRef = 882256AD17C5B63A0020FB45 /* CustomerCommentCell.m */; };
		882256BC17C5E5F30020FB45 /* renderimg.png in Resources */ = {isa = PBXBuildFile; fileRef = 882256BB17C5E5F30020FB45 /* renderimg.png */; };
		887CF9D717CAF652002C370D /* CollapseClickCell.m in Sources */ = {isa = PBXBuildFile; fileRef = 887CF9D617CAF652002C370D /* CollapseClickCell.m */; };
		887CF9DA17CB0107002C370D /* CollapseClick.m in Sources */ = {isa = PBXBuildFile; fileRef = 887CF9D917CB0107002C370D /* CollapseClick.m */; };
		8883595217C5FD7D00668303 /* invite-backimage@2x.png in Resources */ = {isa = PBXBuildFile; fileRef = 8883595117C5FD7D00668303 /* invite-backimage@2x.png */; };
		8883595D17C6018100668303 /* invite-gift@2x.png in Resources */ = {isa = PBXBuildFile; fileRef = 8883595817C6018100668303 /* invite-gift@2x.png */; };
		8883595E17C6018100668303 /* invite-message@2x.png in Resources */ = {isa = PBXBuildFile; fileRef = 8883595917C6018100668303 /* invite-message@2x.png */; };
		8883595F17C6018100668303 /* invite-sina@2x.png in Resources */ = {isa = PBXBuildFile; fileRef = 8883595A17C6018100668303 /* invite-sina@2x.png */; };
		8883596017C6018100668303 /* invite-tencent@2x.png in Resources */ = {isa = PBXBuildFile; fileRef = 8883595B17C6018100668303 /* invite-tencent@2x.png */; };
		8883596117C6018100668303 /* invite-weixin@2x.png in Resources */ = {isa = PBXBuildFile; fileRef = 8883595C17C6018100668303 /* invite-weixin@2x.png */; };
		8897E9EA17C376B2002ECE90 /* MapKit.framework in Frameworks */ = {isa = PBXBuildFile; fileRef = 8897E9E917C376B2002ECE90 /* MapKit.framework */; };
		88AFF72517C3615200DCDE7E /* UIKit.framework in Frameworks */ = {isa = PBXBuildFile; fileRef = 88AFF72417C3615200DCDE7E /* UIKit.framework */; };
		88AFF72717C3615200DCDE7E /* Foundation.framework in Frameworks */ = {isa = PBXBuildFile; fileRef = 88AFF72617C3615200DCDE7E /* Foundation.framework */; };
		88AFF72917C3615200DCDE7E /* CoreGraphics.framework in Frameworks */ = {isa = PBXBuildFile; fileRef = 88AFF72817C3615200DCDE7E /* CoreGraphics.framework */; };
		88AFF72F17C3615200DCDE7E /* InfoPlist.strings in Resources */ = {isa = PBXBuildFile; fileRef = 88AFF72D17C3615200DCDE7E /* InfoPlist.strings */; };
		88AFF73117C3615200DCDE7E /* main.m in Sources */ = {isa = PBXBuildFile; fileRef = 88AFF73017C3615200DCDE7E /* main.m */; };
		88AFF73517C3615200DCDE7E /* Zuoxin_comAppDelegate.m in Sources */ = {isa = PBXBuildFile; fileRef = 88AFF73417C3615200DCDE7E /* Zuoxin_comAppDelegate.m */; };
		88AFF74B17C3621800DCDE7E /* TabBarController.m in Sources */ = {isa = PBXBuildFile; fileRef = 88AFF74A17C3621800DCDE7E /* TabBarController.m */; };
		88AFF76E17C3642300DCDE7E /* blackArrow.png in Resources */ = {isa = PBXBuildFile; fileRef = 88AFF74E17C3642300DCDE7E /* blackArrow.png */; };
		88AFF76F17C3642300DCDE7E /* blackArrow@2x.png in Resources */ = {isa = PBXBuildFile; fileRef = 88AFF74F17C3642300DCDE7E /* blackArrow@2x.png */; };
		88AFF77017C3642300DCDE7E /* blueArrow.png in Resources */ = {isa = PBXBuildFile; fileRef = 88AFF75017C3642300DCDE7E /* blueArrow.png */; };
		88AFF77117C3642300DCDE7E /* blueArrow@2x.png in Resources */ = {isa = PBXBuildFile; fileRef = 88AFF75117C3642300DCDE7E /* blueArrow@2x.png */; };
		88AFF77217C3642300DCDE7E /* Default-568h@2x.png in Resources */ = {isa = PBXBuildFile; fileRef = 88AFF75217C3642300DCDE7E /* Default-568h@2x.png */; };
		88AFF77317C3642300DCDE7E /* Default@2x.png in Resources */ = {isa = PBXBuildFile; fileRef = 88AFF75317C3642300DCDE7E /* Default@2x.png */; };
		88AFF77417C3642300DCDE7E /* login-press@2x.png in Resources */ = {isa = PBXBuildFile; fileRef = 88AFF75417C3642300DCDE7E /* login-press@2x.png */; };
		88AFF77517C3642300DCDE7E /* login@2x.png in Resources */ = {isa = PBXBuildFile; fileRef = 88AFF75517C3642300DCDE7E /* login@2x.png */; };
		88AFF77617C3642300DCDE7E /* navigation-back-highlighted@2x.png in Resources */ = {isa = PBXBuildFile; fileRef = 88AFF75617C3642300DCDE7E /* navigation-back-highlighted@2x.png */; };
		88AFF77717C3642300DCDE7E /* navigation-back-normal@2x.png in Resources */ = {isa = PBXBuildFile; fileRef = 88AFF75717C3642300DCDE7E /* navigation-back-normal@2x.png */; };
		88AFF77817C3642300DCDE7E /* navigation-button-highlighted@2x.png in Resources */ = {isa = PBXBuildFile; fileRef = 88AFF75817C3642300DCDE7E /* navigation-button-highlighted@2x.png */; };
		88AFF77917C3642300DCDE7E /* navigation-button-normal@2x.png in Resources */ = {isa = PBXBuildFile; fileRef = 88AFF75917C3642300DCDE7E /* navigation-button-normal@2x.png */; };
		88AFF77A17C3642300DCDE7E /* navigationbar-background@2x.png in Resources */ = {isa = PBXBuildFile; fileRef = 88AFF75A17C3642300DCDE7E /* navigationbar-background@2x.png */; };
		88AFF77B17C3642300DCDE7E /* relocation-press@2x.png in Resources */ = {isa = PBXBuildFile; fileRef = 88AFF75B17C3642300DCDE7E /* relocation-press@2x.png */; };
		88AFF77C17C3642300DCDE7E /* relocation@2x.png in Resources */ = {isa = PBXBuildFile; fileRef = 88AFF75C17C3642300DCDE7E /* relocation@2x.png */; };
		88AFF77D17C3642300DCDE7E /* search-list-button-normal@2x.png in Resources */ = {isa = PBXBuildFile; fileRef = 88AFF75D17C3642300DCDE7E /* search-list-button-normal@2x.png */; };
		88AFF77E17C3642300DCDE7E /* search-list-button-selected@2x.png in Resources */ = {isa = PBXBuildFile; fileRef = 88AFF75E17C3642300DCDE7E /* search-list-button-selected@2x.png */; };
		88AFF77F17C3642300DCDE7E /* search-locate-button@2x.png in Resources */ = {isa = PBXBuildFile; fileRef = 88AFF75F17C3642300DCDE7E /* search-locate-button@2x.png */; };
		88AFF78017C3642300DCDE7E /* search-map-button-normal@2x.png in Resources */ = {isa = PBXBuildFile; fileRef = 88AFF76017C3642300DCDE7E /* search-map-button-normal@2x.png */; };
		88AFF78117C3642300DCDE7E /* search-map-button-selected@2x.png in Resources */ = {isa = PBXBuildFile; fileRef = 88AFF76117C3642300DCDE7E /* search-map-button-selected@2x.png */; };
		88AFF78217C3642300DCDE7E /* tabbar-1@2x.png in Resources */ = {isa = PBXBuildFile; fileRef = 88AFF76217C3642300DCDE7E /* tabbar-1@2x.png */; };
		88AFF78317C3642300DCDE7E /* tabbar-1s@2x.png in Resources */ = {isa = PBXBuildFile; fileRef = 88AFF76317C3642300DCDE7E /* tabbar-1s@2x.png */; };
		88AFF78417C3642300DCDE7E /* tabbar-2@2x.png in Resources */ = {isa = PBXBuildFile; fileRef = 88AFF76417C3642300DCDE7E /* tabbar-2@2x.png */; };
		88AFF78517C3642300DCDE7E /* tabbar-2s@2x.png in Resources */ = {isa = PBXBuildFile; fileRef = 88AFF76517C3642300DCDE7E /* tabbar-2s@2x.png */; };
		88AFF78617C3642300DCDE7E /* tabbar-3@2x.png in Resources */ = {isa = PBXBuildFile; fileRef = 88AFF76617C3642300DCDE7E /* tabbar-3@2x.png */; };
		88AFF78717C3642300DCDE7E /* tabbar-3s@2x.png in Resources */ = {isa = PBXBuildFile; fileRef = 88AFF76717C3642300DCDE7E /* tabbar-3s@2x.png */; };
		88AFF78817C3642300DCDE7E /* tabbar-4s@2x.png in Resources */ = {isa = PBXBuildFile; fileRef = 88AFF76817C3642300DCDE7E /* tabbar-4s@2x.png */; };
		88AFF78917C3642300DCDE7E /* tabbar-5@2x.png in Resources */ = {isa = PBXBuildFile; fileRef = 88AFF76917C3642300DCDE7E /* tabbar-5@2x.png */; };
		88AFF78A17C3642300DCDE7E /* tabbar-5s@2x.png in Resources */ = {isa = PBXBuildFile; fileRef = 88AFF76A17C3642300DCDE7E /* tabbar-5s@2x.png */; };
		88AFF78B17C3642300DCDE7E /* tabbar-background@2x.png in Resources */ = {isa = PBXBuildFile; fileRef = 88AFF76B17C3642300DCDE7E /* tabbar-background@2x.png */; };
		88AFF78C17C3642300DCDE7E /* whiteArrow.png in Resources */ = {isa = PBXBuildFile; fileRef = 88AFF76C17C3642300DCDE7E /* whiteArrow.png */; };
		88AFF78D17C3642300DCDE7E /* whiteArrow@2x.png in Resources */ = {isa = PBXBuildFile; fileRef = 88AFF76D17C3642300DCDE7E /* whiteArrow@2x.png */; };
		88AFF78F17C3643300DCDE7E /* tabbar-4@2x.png in Resources */ = {isa = PBXBuildFile; fileRef = 88AFF78E17C3643300DCDE7E /* tabbar-4@2x.png */; };
		88AFF79F17C3659800DCDE7E /* BasicViewModel.m in Sources */ = {isa = PBXBuildFile; fileRef = 88AFF79E17C3659800DCDE7E /* BasicViewModel.m */; };
		88AFF7A517C365DA00DCDE7E /* ZuoxinTaxiInfo.m in Sources */ = {isa = PBXBuildFile; fileRef = 88AFF7A417C365DA00DCDE7E /* ZuoxinTaxiInfo.m */; };
		88AFF7A817C3661900DCDE7E /* ZuoxinReservation.m in Sources */ = {isa = PBXBuildFile; fileRef = 88AFF7A717C3661900DCDE7E /* ZuoxinReservation.m */; };
		88AFF7AB17C3663B00DCDE7E /* ZuoxinQueryFare.m in Sources */ = {isa = PBXBuildFile; fileRef = 88AFF7AA17C3663B00DCDE7E /* ZuoxinQueryFare.m */; };
		88AFF7AE17C3664C00DCDE7E /* ZuoxinInvitation.m in Sources */ = {isa = PBXBuildFile; fileRef = 88AFF7AD17C3664C00DCDE7E /* ZuoxinInvitation.m */; };
		88AFF7B117C3665B00DCDE7E /* ZuoxinMore.m in Sources */ = {isa = PBXBuildFile; fileRef = 88AFF7B017C3665B00DCDE7E /* ZuoxinMore.m */; };
		88AFF7BA17C36A8300DCDE7E /* BackBtn.m in Sources */ = {isa = PBXBuildFile; fileRef = 88AFF7B717C36A8300DCDE7E /* BackBtn.m */; };
		88AFF7BB17C36A8300DCDE7E /* CustomBtn.m in Sources */ = {isa = PBXBuildFile; fileRef = 88AFF7B917C36A8300DCDE7E /* CustomBtn.m */; };
		88B0117B17C74721007B3653 /* login_dropdown_bg.png in Resources */ = {isa = PBXBuildFile; fileRef = 88B0117717C74721007B3653 /* login_dropdown_bg.png */; };
		88B0117C17C74721007B3653 /* login_dropdown_bg@2x.png in Resources */ = {isa = PBXBuildFile; fileRef = 88B0117817C74721007B3653 /* login_dropdown_bg@2x.png */; };
		88B0117D17C74721007B3653 /* login_bg.jpg in Resources */ = {isa = PBXBuildFile; fileRef = 88B0117917C74721007B3653 /* login_bg.jpg */; };
		88B0117E17C74721007B3653 /* login_bg@2x.jpg in Resources */ = {isa = PBXBuildFile; fileRef = 88B0117A17C74721007B3653 /* login_bg@2x.jpg */; };
		88B0118417C74755007B3653 /* login_textfield_more_flip.png in Resources */ = {isa = PBXBuildFile; fileRef = 88B0118017C74755007B3653 /* login_textfield_more_flip.png */; };
		88B0118517C74755007B3653 /* login_textfield_more_flip@2x.png in Resources */ = {isa = PBXBuildFile; fileRef = 88B0118117C74755007B3653 /* login_textfield_more_flip@2x.png */; };
		88B0118617C74755007B3653 /* login_textfield_more.png in Resources */ = {isa = PBXBuildFile; fileRef = 88B0118217C74755007B3653 /* login_textfield_more.png */; };
		88B0118717C74755007B3653 /* login_textfield_more@2x.png in Resources */ = {isa = PBXBuildFile; fileRef = 88B0118317C74755007B3653 /* login_textfield_more@2x.png */; };
		88B0118917C74767007B3653 /* login_textfield_mid.png in Resources */ = {isa = PBXBuildFile; fileRef = 88B0118817C74767007B3653 /* login_textfield_mid.png */; };
		88B011AD17C76D4E007B3653 /* EGORefreshTableHeaderView.m in Sources */ = {isa = PBXBuildFile; fileRef = 88B011AC17C76D4E007B3653 /* EGORefreshTableHeaderView.m */; settings = {COMPILER_FLAGS = "-fno-objc-arc"; }; };
		88BEECB817C4984600205FB7 /* command.json in Resources */ = {isa = PBXBuildFile; fileRef = 88BEECB717C4984600205FB7 /* command.json */; };
		88BEECC117C49CE600205FB7 /* DriverBasicInfo.m in Sources */ = {isa = PBXBuildFile; fileRef = 88BEECC017C49CE600205FB7 /* DriverBasicInfo.m */; };
		88BEECC717C49DBD00205FB7 /* DriverBasicInfoView.m in Sources */ = {isa = PBXBuildFile; fileRef = 88BEECC617C49DBD00205FB7 /* DriverBasicInfoView.m */; };
		88BEECCA17C4AB0E00205FB7 /* DriverBasicInfoAnnotation.m in Sources */ = {isa = PBXBuildFile; fileRef = 88BEECC917C4AB0E00205FB7 /* DriverBasicInfoAnnotation.m */; };
		88DD8DBF17C5F1DE006E2F13 /* CustomTextField.m in Sources */ = {isa = PBXBuildFile; fileRef = 88DD8DBE17C5F1DE006E2F13 /* CustomTextField.m */; };
		88DD8DC317C5F60A006E2F13 /* ZuoxinReservationDetail.m in Sources */ = {isa = PBXBuildFile; fileRef = 88DD8DC217C5F60A006E2F13 /* ZuoxinReservationDetail.m */; };
		88EEADAA17C70BA7008C4EB3 /* zuoxin.m in Sources */ = {isa = PBXBuildFile; fileRef = 88EEADA917C70BA7008C4EB3 /* zuoxin.m */; };
		88EEADFC17C722F2008C4EB3 /* TApplicationException.m in Sources */ = {isa = PBXBuildFile; fileRef = 88EEADF517C722F2008C4EB3 /* TApplicationException.m */; };
		88EEADFD17C722F2008C4EB3 /* TException.m in Sources */ = {isa = PBXBuildFile; fileRef = 88EEADF717C722F2008C4EB3 /* TException.m */; };
		88EEADFE17C722F2008C4EB3 /* TSharedProcessorFactory.m in Sources */ = {isa = PBXBuildFile; fileRef = 88EEADFB17C722F2008C4EB3 /* TSharedProcessorFactory.m */; };
		88EEAE0717C72306008C4EB3 /* TBinaryProtocol.m in Sources */ = {isa = PBXBuildFile; fileRef = 88EEAE0017C72306008C4EB3 /* TBinaryProtocol.m */; };
		88EEAE0817C72306008C4EB3 /* TProtocolException.m in Sources */ = {isa = PBXBuildFile; fileRef = 88EEAE0317C72306008C4EB3 /* TProtocolException.m */; };
		88EEAE0917C72306008C4EB3 /* TProtocolUtil.m in Sources */ = {isa = PBXBuildFile; fileRef = 88EEAE0617C72306008C4EB3 /* TProtocolUtil.m */; };
		88EEAE1717C7231C008C4EB3 /* THTTPClient.m in Sources */ = {isa = PBXBuildFile; fileRef = 88EEAE0B17C7231C008C4EB3 /* THTTPClient.m */; };
		88EEAE1817C7231C008C4EB3 /* TMemoryBuffer.m in Sources */ = {isa = PBXBuildFile; fileRef = 88EEAE0D17C7231C008C4EB3 /* TMemoryBuffer.m */; };
		88EEAE1917C7231C008C4EB3 /* TNSFileHandleTransport.m in Sources */ = {isa = PBXBuildFile; fileRef = 88EEAE0F17C7231C008C4EB3 /* TNSFileHandleTransport.m */; };
		88EEAE1A17C7231C008C4EB3 /* TNSStreamTransport.m in Sources */ = {isa = PBXBuildFile; fileRef = 88EEAE1117C7231C008C4EB3 /* TNSStreamTransport.m */; };
		88EEAE1B17C7231C008C4EB3 /* TSocketClient.m in Sources */ = {isa = PBXBuildFile; fileRef = 88EEAE1317C7231C008C4EB3 /* TSocketClient.m */; };
		88EEAE1C17C7231C008C4EB3 /* TTransportException.m in Sources */ = {isa = PBXBuildFile; fileRef = 88EEAE1617C7231C008C4EB3 /* TTransportException.m */; };
		88F3C86D17C44BDE00F07127 /* DriverInfoCell.m in Sources */ = {isa = PBXBuildFile; fileRef = 88F3C86C17C44BDE00F07127 /* DriverInfoCell.m */; };
		88F3C87717C44FD300F07127 /* DPMeterView.m in Sources */ = {isa = PBXBuildFile; fileRef = 88F3C87417C44FD300F07127 /* DPMeterView.m */; };
		88F3C87817C44FD300F07127 /* UIBezierPath+BasicShapes.m in Sources */ = {isa = PBXBuildFile; fileRef = 88F3C87617C44FD300F07127 /* UIBezierPath+BasicShapes.m */; };
		88F3C87A17C4537000F07127 /* QuartzCore.framework in Frameworks */ = {isa = PBXBuildFile; fileRef = 88F3C87917C4537000F07127 /* QuartzCore.framework */; };
		88F3C88217C465B500F07127 /* contentSprarator.png in Resources */ = {isa = PBXBuildFile; fileRef = 88F3C88017C465B500F07127 /* contentSprarator.png */; };
		88F3C88317C465B500F07127 /* contentSprarator@2x.png in Resources */ = {isa = PBXBuildFile; fileRef = 88F3C88117C465B500F07127 /* contentSprarator@2x.png */; };
		88F3C88617C48B1C00F07127 /* search-cell-accessory@2x.png in Resources */ = {isa = PBXBuildFile; fileRef = 88F3C88417C48B1C00F07127 /* search-cell-accessory@2x.png */; };
		88F3C88717C48B1C00F07127 /* search-cell-avatar-shadow@2x.png in Resources */ = {isa = PBXBuildFile; fileRef = 88F3C88517C48B1C00F07127 /* search-cell-avatar-shadow@2x.png */; };
		88F3C88D17C48CA700F07127 /* apple.jpg in Resources */ = {isa = PBXBuildFile; fileRef = 88F3C88C17C48CA700F07127 /* apple.jpg */; };
		88F3C89017C4929F00F07127 /* DriverInfo.m in Sources */ = {isa = PBXBuildFile; fileRef = 88F3C88F17C4929F00F07127 /* DriverInfo.m */; };
		88F3C89217C4957500F07127 /* CoreLocation.framework in Frameworks */ = {isa = PBXBuildFile; fileRef = 88F3C89117C4957500F07127 /* CoreLocation.framework */; };
		88F3C89417C4958000F07127 /* AddressBook.framework in Frameworks */ = {isa = PBXBuildFile; fileRef = 88F3C89317C4958000F07127 /* AddressBook.framework */; };
		88FB315817CDDCD600568456 /* FlatRoundedImageView.m in Sources */ = {isa = PBXBuildFile; fileRef = 88FB315717CDDCD600568456 /* FlatRoundedImageView.m */; };
		88FB315A17CDDED500568456 /* cn.png in Resources */ = {isa = PBXBuildFile; fileRef = 88FB315917CDDED400568456 /* cn.png */; };
		88FF669F17CC523300A632C9 /* SystemConfiguration.framework in Frameworks */ = {isa = PBXBuildFile; fileRef = 88FF669E17CC523300A632C9 /* SystemConfiguration.framework */; };
		88FF66AB17CC596E00A632C9 /* Reachability.m in Sources */ = {isa = PBXBuildFile; fileRef = 88FF66AA17CC596E00A632C9 /* Reachability.m */; };
/* End PBXBuildFile section */

/* Begin PBXFileReference section */
		882256A817C5B1550020FB45 /* DriverDetail.h */ = {isa = PBXFileReference; fileEncoding = 4; lastKnownFileType = sourcecode.c.h; path = DriverDetail.h; sourceTree = "<group>"; };
		882256A917C5B1550020FB45 /* DriverDetail.m */ = {isa = PBXFileReference; fileEncoding = 4; lastKnownFileType = sourcecode.c.objc; path = DriverDetail.m; sourceTree = "<group>"; };
		882256AC17C5B63A0020FB45 /* CustomerCommentCell.h */ = {isa = PBXFileReference; fileEncoding = 4; lastKnownFileType = sourcecode.c.h; path = CustomerCommentCell.h; sourceTree = "<group>"; };
		882256AD17C5B63A0020FB45 /* CustomerCommentCell.m */ = {isa = PBXFileReference; fileEncoding = 4; lastKnownFileType = sourcecode.c.objc; path = CustomerCommentCell.m; sourceTree = "<group>"; };
		882256BB17C5E5F30020FB45 /* renderimg.png */ = {isa = PBXFileReference; lastKnownFileType = image.png; path = renderimg.png; sourceTree = "<group>"; };
		887556FB17CDA1CB0017E1B9 /* Default@2x.png */ = {isa = PBXFileReference; lastKnownFileType = image.png; path = "Default@2x.png"; sourceTree = "<group>"; };
		887556FD17CDA1EA0017E1B9 /* Default-568h@2x.png */ = {isa = PBXFileReference; lastKnownFileType = image.png; name = "Default-568h@2x.png"; path = "../Default-568h@2x.png"; sourceTree = "<group>"; };
		887CF9D517CAF652002C370D /* CollapseClickCell.h */ = {isa = PBXFileReference; fileEncoding = 4; lastKnownFileType = sourcecode.c.h; path = CollapseClickCell.h; sourceTree = "<group>"; };
		887CF9D617CAF652002C370D /* CollapseClickCell.m */ = {isa = PBXFileReference; fileEncoding = 4; lastKnownFileType = sourcecode.c.objc; path = CollapseClickCell.m; sourceTree = "<group>"; };
		887CF9D817CB0107002C370D /* CollapseClick.h */ = {isa = PBXFileReference; fileEncoding = 4; lastKnownFileType = sourcecode.c.h; path = CollapseClick.h; sourceTree = "<group>"; };
		887CF9D917CB0107002C370D /* CollapseClick.m */ = {isa = PBXFileReference; fileEncoding = 4; lastKnownFileType = sourcecode.c.objc; path = CollapseClick.m; sourceTree = "<group>"; };
		8883595117C5FD7D00668303 /* invite-backimage@2x.png */ = {isa = PBXFileReference; lastKnownFileType = image.png; path = "invite-backimage@2x.png"; sourceTree = "<group>"; };
		8883595817C6018100668303 /* invite-gift@2x.png */ = {isa = PBXFileReference; lastKnownFileType = image.png; path = "invite-gift@2x.png"; sourceTree = "<group>"; };
		8883595917C6018100668303 /* invite-message@2x.png */ = {isa = PBXFileReference; lastKnownFileType = image.png; path = "invite-message@2x.png"; sourceTree = "<group>"; };
		8883595A17C6018100668303 /* invite-sina@2x.png */ = {isa = PBXFileReference; lastKnownFileType = image.png; path = "invite-sina@2x.png"; sourceTree = "<group>"; };
		8883595B17C6018100668303 /* invite-tencent@2x.png */ = {isa = PBXFileReference; lastKnownFileType = image.png; path = "invite-tencent@2x.png"; sourceTree = "<group>"; };
		8883595C17C6018100668303 /* invite-weixin@2x.png */ = {isa = PBXFileReference; lastKnownFileType = image.png; path = "invite-weixin@2x.png"; sourceTree = "<group>"; };
		8897E9E917C376B2002ECE90 /* MapKit.framework */ = {isa = PBXFileReference; lastKnownFileType = wrapper.framework; name = MapKit.framework; path = System/Library/Frameworks/MapKit.framework; sourceTree = SDKROOT; };
		88AFF72017C3615200DCDE7E /* ZuoxinApp.app */ = {isa = PBXFileReference; explicitFileType = wrapper.application; includeInIndex = 0; path = ZuoxinApp.app; sourceTree = BUILT_PRODUCTS_DIR; };
		88AFF72417C3615200DCDE7E /* UIKit.framework */ = {isa = PBXFileReference; lastKnownFileType = wrapper.framework; name = UIKit.framework; path = System/Library/Frameworks/UIKit.framework; sourceTree = SDKROOT; };
		88AFF72617C3615200DCDE7E /* Foundation.framework */ = {isa = PBXFileReference; lastKnownFileType = wrapper.framework; name = Foundation.framework; path = System/Library/Frameworks/Foundation.framework; sourceTree = SDKROOT; };
		88AFF72817C3615200DCDE7E /* CoreGraphics.framework */ = {isa = PBXFileReference; lastKnownFileType = wrapper.framework; name = CoreGraphics.framework; path = System/Library/Frameworks/CoreGraphics.framework; sourceTree = SDKROOT; };
		88AFF72C17C3615200DCDE7E /* ZuoxinApp-Info.plist */ = {isa = PBXFileReference; lastKnownFileType = text.plist.xml; path = "ZuoxinApp-Info.plist"; sourceTree = "<group>"; };
		88AFF72E17C3615200DCDE7E /* en */ = {isa = PBXFileReference; lastKnownFileType = text.plist.strings; name = en; path = en.lproj/InfoPlist.strings; sourceTree = "<group>"; };
		88AFF73017C3615200DCDE7E /* main.m */ = {isa = PBXFileReference; lastKnownFileType = sourcecode.c.objc; path = main.m; sourceTree = "<group>"; };
		88AFF73217C3615200DCDE7E /* ZuoxinApp-Prefix.pch */ = {isa = PBXFileReference; lastKnownFileType = sourcecode.c.h; path = "ZuoxinApp-Prefix.pch"; sourceTree = "<group>"; };
		88AFF73317C3615200DCDE7E /* Zuoxin_comAppDelegate.h */ = {isa = PBXFileReference; lastKnownFileType = sourcecode.c.h; path = Zuoxin_comAppDelegate.h; sourceTree = "<group>"; };
		88AFF73417C3615200DCDE7E /* Zuoxin_comAppDelegate.m */ = {isa = PBXFileReference; lastKnownFileType = sourcecode.c.objc; path = Zuoxin_comAppDelegate.m; sourceTree = "<group>"; };
		88AFF74917C3621800DCDE7E /* TabBarController.h */ = {isa = PBXFileReference; fileEncoding = 4; lastKnownFileType = sourcecode.c.h; path = TabBarController.h; sourceTree = "<group>"; };
		88AFF74A17C3621800DCDE7E /* TabBarController.m */ = {isa = PBXFileReference; fileEncoding = 4; lastKnownFileType = sourcecode.c.objc; path = TabBarController.m; sourceTree = "<group>"; };
		88AFF74E17C3642300DCDE7E /* blackArrow.png */ = {isa = PBXFileReference; lastKnownFileType = image.png; path = blackArrow.png; sourceTree = "<group>"; };
		88AFF74F17C3642300DCDE7E /* blackArrow@2x.png */ = {isa = PBXFileReference; lastKnownFileType = image.png; path = "blackArrow@2x.png"; sourceTree = "<group>"; };
		88AFF75017C3642300DCDE7E /* blueArrow.png */ = {isa = PBXFileReference; lastKnownFileType = image.png; path = blueArrow.png; sourceTree = "<group>"; };
		88AFF75117C3642300DCDE7E /* blueArrow@2x.png */ = {isa = PBXFileReference; lastKnownFileType = image.png; path = "blueArrow@2x.png"; sourceTree = "<group>"; };
		88AFF75217C3642300DCDE7E /* Default-568h@2x.png */ = {isa = PBXFileReference; lastKnownFileType = image.png; name = "Default-568h@2x.png"; path = "../Default-568h@2x.png"; sourceTree = "<group>"; };
		88AFF75317C3642300DCDE7E /* Default@2x.png */ = {isa = PBXFileReference; lastKnownFileType = image.png; name = "Default@2x.png"; path = "../Default@2x.png"; sourceTree = "<group>"; };
		88AFF75417C3642300DCDE7E /* login-press@2x.png */ = {isa = PBXFileReference; lastKnownFileType = image.png; path = "login-press@2x.png"; sourceTree = "<group>"; };
		88AFF75517C3642300DCDE7E /* login@2x.png */ = {isa = PBXFileReference; lastKnownFileType = image.png; path = "login@2x.png"; sourceTree = "<group>"; };
		88AFF75617C3642300DCDE7E /* navigation-back-highlighted@2x.png */ = {isa = PBXFileReference; lastKnownFileType = image.png; path = "navigation-back-highlighted@2x.png"; sourceTree = "<group>"; };
		88AFF75717C3642300DCDE7E /* navigation-back-normal@2x.png */ = {isa = PBXFileReference; lastKnownFileType = image.png; path = "navigation-back-normal@2x.png"; sourceTree = "<group>"; };
		88AFF75817C3642300DCDE7E /* navigation-button-highlighted@2x.png */ = {isa = PBXFileReference; lastKnownFileType = image.png; path = "navigation-button-highlighted@2x.png"; sourceTree = "<group>"; };
		88AFF75917C3642300DCDE7E /* navigation-button-normal@2x.png */ = {isa = PBXFileReference; lastKnownFileType = image.png; path = "navigation-button-normal@2x.png"; sourceTree = "<group>"; };
		88AFF75A17C3642300DCDE7E /* navigationbar-background@2x.png */ = {isa = PBXFileReference; lastKnownFileType = image.png; path = "navigationbar-background@2x.png"; sourceTree = "<group>"; };
		88AFF75B17C3642300DCDE7E /* relocation-press@2x.png */ = {isa = PBXFileReference; lastKnownFileType = image.png; path = "relocation-press@2x.png"; sourceTree = "<group>"; };
		88AFF75C17C3642300DCDE7E /* relocation@2x.png */ = {isa = PBXFileReference; lastKnownFileType = image.png; path = "relocation@2x.png"; sourceTree = "<group>"; };
		88AFF75D17C3642300DCDE7E /* search-list-button-normal@2x.png */ = {isa = PBXFileReference; lastKnownFileType = image.png; path = "search-list-button-normal@2x.png"; sourceTree = "<group>"; };
		88AFF75E17C3642300DCDE7E /* search-list-button-selected@2x.png */ = {isa = PBXFileReference; lastKnownFileType = image.png; path = "search-list-button-selected@2x.png"; sourceTree = "<group>"; };
		88AFF75F17C3642300DCDE7E /* search-locate-button@2x.png */ = {isa = PBXFileReference; lastKnownFileType = image.png; path = "search-locate-button@2x.png"; sourceTree = "<group>"; };
		88AFF76017C3642300DCDE7E /* search-map-button-normal@2x.png */ = {isa = PBXFileReference; lastKnownFileType = image.png; path = "search-map-button-normal@2x.png"; sourceTree = "<group>"; };
		88AFF76117C3642300DCDE7E /* search-map-button-selected@2x.png */ = {isa = PBXFileReference; lastKnownFileType = image.png; path = "search-map-button-selected@2x.png"; sourceTree = "<group>"; };
		88AFF76217C3642300DCDE7E /* tabbar-1@2x.png */ = {isa = PBXFileReference; lastKnownFileType = image.png; path = "tabbar-1@2x.png"; sourceTree = "<group>"; };
		88AFF76317C3642300DCDE7E /* tabbar-1s@2x.png */ = {isa = PBXFileReference; lastKnownFileType = image.png; path = "tabbar-1s@2x.png"; sourceTree = "<group>"; };
		88AFF76417C3642300DCDE7E /* tabbar-2@2x.png */ = {isa = PBXFileReference; lastKnownFileType = image.png; path = "tabbar-2@2x.png"; sourceTree = "<group>"; };
		88AFF76517C3642300DCDE7E /* tabbar-2s@2x.png */ = {isa = PBXFileReference; lastKnownFileType = image.png; path = "tabbar-2s@2x.png"; sourceTree = "<group>"; };
		88AFF76617C3642300DCDE7E /* tabbar-3@2x.png */ = {isa = PBXFileReference; lastKnownFileType = image.png; path = "tabbar-3@2x.png"; sourceTree = "<group>"; };
		88AFF76717C3642300DCDE7E /* tabbar-3s@2x.png */ = {isa = PBXFileReference; lastKnownFileType = image.png; path = "tabbar-3s@2x.png"; sourceTree = "<group>"; };
		88AFF76817C3642300DCDE7E /* tabbar-4s@2x.png */ = {isa = PBXFileReference; lastKnownFileType = image.png; path = "tabbar-4s@2x.png"; sourceTree = "<group>"; };
		88AFF76917C3642300DCDE7E /* tabbar-5@2x.png */ = {isa = PBXFileReference; lastKnownFileType = image.png; path = "tabbar-5@2x.png"; sourceTree = "<group>"; };
		88AFF76A17C3642300DCDE7E /* tabbar-5s@2x.png */ = {isa = PBXFileReference; lastKnownFileType = image.png; path = "tabbar-5s@2x.png"; sourceTree = "<group>"; };
		88AFF76B17C3642300DCDE7E /* tabbar-background@2x.png */ = {isa = PBXFileReference; lastKnownFileType = image.png; path = "tabbar-background@2x.png"; sourceTree = "<group>"; };
		88AFF76C17C3642300DCDE7E /* whiteArrow.png */ = {isa = PBXFileReference; lastKnownFileType = image.png; path = whiteArrow.png; sourceTree = "<group>"; };
		88AFF76D17C3642300DCDE7E /* whiteArrow@2x.png */ = {isa = PBXFileReference; lastKnownFileType = image.png; path = "whiteArrow@2x.png"; sourceTree = "<group>"; };
		88AFF78E17C3643300DCDE7E /* tabbar-4@2x.png */ = {isa = PBXFileReference; lastKnownFileType = image.png; path = "tabbar-4@2x.png"; sourceTree = "<group>"; };
		88AFF79D17C3659800DCDE7E /* BasicViewModel.h */ = {isa = PBXFileReference; fileEncoding = 4; lastKnownFileType = sourcecode.c.h; path = BasicViewModel.h; sourceTree = "<group>"; };
		88AFF79E17C3659800DCDE7E /* BasicViewModel.m */ = {isa = PBXFileReference; fileEncoding = 4; lastKnownFileType = sourcecode.c.objc; path = BasicViewModel.m; sourceTree = "<group>"; };
		88AFF7A317C365DA00DCDE7E /* ZuoxinTaxiInfo.h */ = {isa = PBXFileReference; fileEncoding = 4; lastKnownFileType = sourcecode.c.h; path = ZuoxinTaxiInfo.h; sourceTree = "<group>"; };
		88AFF7A417C365DA00DCDE7E /* ZuoxinTaxiInfo.m */ = {isa = PBXFileReference; fileEncoding = 4; lastKnownFileType = sourcecode.c.objc; path = ZuoxinTaxiInfo.m; sourceTree = "<group>"; };
		88AFF7A617C3661900DCDE7E /* ZuoxinReservation.h */ = {isa = PBXFileReference; fileEncoding = 4; lastKnownFileType = sourcecode.c.h; path = ZuoxinReservation.h; sourceTree = "<group>"; };
		88AFF7A717C3661900DCDE7E /* ZuoxinReservation.m */ = {isa = PBXFileReference; fileEncoding = 4; lastKnownFileType = sourcecode.c.objc; path = ZuoxinReservation.m; sourceTree = "<group>"; };
		88AFF7A917C3663B00DCDE7E /* ZuoxinQueryFare.h */ = {isa = PBXFileReference; fileEncoding = 4; lastKnownFileType = sourcecode.c.h; path = ZuoxinQueryFare.h; sourceTree = "<group>"; };
		88AFF7AA17C3663B00DCDE7E /* ZuoxinQueryFare.m */ = {isa = PBXFileReference; fileEncoding = 4; lastKnownFileType = sourcecode.c.objc; path = ZuoxinQueryFare.m; sourceTree = "<group>"; };
		88AFF7AC17C3664C00DCDE7E /* ZuoxinInvitation.h */ = {isa = PBXFileReference; fileEncoding = 4; lastKnownFileType = sourcecode.c.h; path = ZuoxinInvitation.h; sourceTree = "<group>"; };
		88AFF7AD17C3664C00DCDE7E /* ZuoxinInvitation.m */ = {isa = PBXFileReference; fileEncoding = 4; lastKnownFileType = sourcecode.c.objc; path = ZuoxinInvitation.m; sourceTree = "<group>"; };
		88AFF7AF17C3665B00DCDE7E /* ZuoxinMore.h */ = {isa = PBXFileReference; fileEncoding = 4; lastKnownFileType = sourcecode.c.h; path = ZuoxinMore.h; sourceTree = "<group>"; };
		88AFF7B017C3665B00DCDE7E /* ZuoxinMore.m */ = {isa = PBXFileReference; fileEncoding = 4; lastKnownFileType = sourcecode.c.objc; path = ZuoxinMore.m; sourceTree = "<group>"; };
		88AFF7B617C36A8300DCDE7E /* BackBtn.h */ = {isa = PBXFileReference; fileEncoding = 4; lastKnownFileType = sourcecode.c.h; path = BackBtn.h; sourceTree = "<group>"; };
		88AFF7B717C36A8300DCDE7E /* BackBtn.m */ = {isa = PBXFileReference; fileEncoding = 4; lastKnownFileType = sourcecode.c.objc; path = BackBtn.m; sourceTree = "<group>"; };
		88AFF7B817C36A8300DCDE7E /* CustomBtn.h */ = {isa = PBXFileReference; fileEncoding = 4; lastKnownFileType = sourcecode.c.h; path = CustomBtn.h; sourceTree = "<group>"; };
		88AFF7B917C36A8300DCDE7E /* CustomBtn.m */ = {isa = PBXFileReference; fileEncoding = 4; lastKnownFileType = sourcecode.c.objc; path = CustomBtn.m; sourceTree = "<group>"; };
		88B0117717C74721007B3653 /* login_dropdown_bg.png */ = {isa = PBXFileReference; lastKnownFileType = image.png; path = login_dropdown_bg.png; sourceTree = "<group>"; };
		88B0117817C74721007B3653 /* login_dropdown_bg@2x.png */ = {isa = PBXFileReference; lastKnownFileType = image.png; path = "login_dropdown_bg@2x.png"; sourceTree = "<group>"; };
		88B0117917C74721007B3653 /* login_bg.jpg */ = {isa = PBXFileReference; lastKnownFileType = image.jpeg; path = login_bg.jpg; sourceTree = "<group>"; };
		88B0117A17C74721007B3653 /* login_bg@2x.jpg */ = {isa = PBXFileReference; lastKnownFileType = image.jpeg; path = "login_bg@2x.jpg"; sourceTree = "<group>"; };
		88B0118017C74755007B3653 /* login_textfield_more_flip.png */ = {isa = PBXFileReference; lastKnownFileType = image.png; path = login_textfield_more_flip.png; sourceTree = "<group>"; };
		88B0118117C74755007B3653 /* login_textfield_more_flip@2x.png */ = {isa = PBXFileReference; lastKnownFileType = image.png; path = "login_textfield_more_flip@2x.png"; sourceTree = "<group>"; };
		88B0118217C74755007B3653 /* login_textfield_more.png */ = {isa = PBXFileReference; lastKnownFileType = image.png; path = login_textfield_more.png; sourceTree = "<group>"; };
		88B0118317C74755007B3653 /* login_textfield_more@2x.png */ = {isa = PBXFileReference; lastKnownFileType = image.png; path = "login_textfield_more@2x.png"; sourceTree = "<group>"; };
		88B0118817C74767007B3653 /* login_textfield_mid.png */ = {isa = PBXFileReference; lastKnownFileType = image.png; path = login_textfield_mid.png; sourceTree = "<group>"; };
		88B011AB17C76D4E007B3653 /* EGORefreshTableHeaderView.h */ = {isa = PBXFileReference; fileEncoding = 4; lastKnownFileType = sourcecode.c.h; path = EGORefreshTableHeaderView.h; sourceTree = "<group>"; };
		88B011AC17C76D4E007B3653 /* EGORefreshTableHeaderView.m */ = {isa = PBXFileReference; fileEncoding = 4; lastKnownFileType = sourcecode.c.objc; path = EGORefreshTableHeaderView.m; sourceTree = "<group>"; };
		88BEECB717C4984600205FB7 /* command.json */ = {isa = PBXFileReference; fileEncoding = 4; lastKnownFileType = text.json; path = command.json; sourceTree = "<group>"; };
		88BEECBF17C49CE600205FB7 /* DriverBasicInfo.h */ = {isa = PBXFileReference; fileEncoding = 4; lastKnownFileType = sourcecode.c.h; path = DriverBasicInfo.h; sourceTree = "<group>"; };
		88BEECC017C49CE600205FB7 /* DriverBasicInfo.m */ = {isa = PBXFileReference; fileEncoding = 4; lastKnownFileType = sourcecode.c.objc; path = DriverBasicInfo.m; sourceTree = "<group>"; };
		88BEECC517C49DBD00205FB7 /* DriverBasicInfoView.h */ = {isa = PBXFileReference; fileEncoding = 4; lastKnownFileType = sourcecode.c.h; path = DriverBasicInfoView.h; sourceTree = "<group>"; };
		88BEECC617C49DBD00205FB7 /* DriverBasicInfoView.m */ = {isa = PBXFileReference; fileEncoding = 4; lastKnownFileType = sourcecode.c.objc; path = DriverBasicInfoView.m; sourceTree = "<group>"; };
		88BEECC817C4AB0E00205FB7 /* DriverBasicInfoAnnotation.h */ = {isa = PBXFileReference; fileEncoding = 4; lastKnownFileType = sourcecode.c.h; path = DriverBasicInfoAnnotation.h; sourceTree = "<group>"; };
		88BEECC917C4AB0E00205FB7 /* DriverBasicInfoAnnotation.m */ = {isa = PBXFileReference; fileEncoding = 4; lastKnownFileType = sourcecode.c.objc; path = DriverBasicInfoAnnotation.m; sourceTree = "<group>"; };
		88DD8DBD17C5F1DE006E2F13 /* CustomTextField.h */ = {isa = PBXFileReference; fileEncoding = 4; lastKnownFileType = sourcecode.c.h; path = CustomTextField.h; sourceTree = "<group>"; };
		88DD8DBE17C5F1DE006E2F13 /* CustomTextField.m */ = {isa = PBXFileReference; fileEncoding = 4; lastKnownFileType = sourcecode.c.objc; path = CustomTextField.m; sourceTree = "<group>"; };
		88DD8DC117C5F60A006E2F13 /* ZuoxinReservationDetail.h */ = {isa = PBXFileReference; fileEncoding = 4; lastKnownFileType = sourcecode.c.h; path = ZuoxinReservationDetail.h; sourceTree = "<group>"; };
		88DD8DC217C5F60A006E2F13 /* ZuoxinReservationDetail.m */ = {isa = PBXFileReference; fileEncoding = 4; lastKnownFileType = sourcecode.c.objc; path = ZuoxinReservationDetail.m; sourceTree = "<group>"; };
		88EEADA817C70BA7008C4EB3 /* zuoxin.h */ = {isa = PBXFileReference; fileEncoding = 4; lastKnownFileType = sourcecode.c.h; path = zuoxin.h; sourceTree = "<group>"; };
		88EEADA917C70BA7008C4EB3 /* zuoxin.m */ = {isa = PBXFileReference; fileEncoding = 4; lastKnownFileType = sourcecode.c.objc; path = zuoxin.m; sourceTree = "<group>"; };
		88EEADF217C722F2008C4EB3 /* TProcessor.h */ = {isa = PBXFileReference; fileEncoding = 4; lastKnownFileType = sourcecode.c.h; path = TProcessor.h; sourceTree = "<group>"; };
		88EEADF317C722F2008C4EB3 /* TProcessorFactory.h */ = {isa = PBXFileReference; fileEncoding = 4; lastKnownFileType = sourcecode.c.h; path = TProcessorFactory.h; sourceTree = "<group>"; };
		88EEADF417C722F2008C4EB3 /* TApplicationException.h */ = {isa = PBXFileReference; fileEncoding = 4; lastKnownFileType = sourcecode.c.h; path = TApplicationException.h; sourceTree = "<group>"; };
		88EEADF517C722F2008C4EB3 /* TApplicationException.m */ = {isa = PBXFileReference; fileEncoding = 4; lastKnownFileType = sourcecode.c.objc; path = TApplicationException.m; sourceTree = "<group>"; };
		88EEADF617C722F2008C4EB3 /* TException.h */ = {isa = PBXFileReference; fileEncoding = 4; lastKnownFileType = sourcecode.c.h; path = TException.h; sourceTree = "<group>"; };
		88EEADF717C722F2008C4EB3 /* TException.m */ = {isa = PBXFileReference; fileEncoding = 4; lastKnownFileType = sourcecode.c.objc; path = TException.m; sourceTree = "<group>"; };
		88EEADF817C722F2008C4EB3 /* Thrift.h */ = {isa = PBXFileReference; fileEncoding = 4; lastKnownFileType = sourcecode.c.h; path = Thrift.h; sourceTree = "<group>"; };
		88EEADF917C722F2008C4EB3 /* TObjective-C.h */ = {isa = PBXFileReference; fileEncoding = 4; lastKnownFileType = sourcecode.c.h; path = "TObjective-C.h"; sourceTree = "<group>"; };
		88EEADFA17C722F2008C4EB3 /* TSharedProcessorFactory.h */ = {isa = PBXFileReference; fileEncoding = 4; lastKnownFileType = sourcecode.c.h; path = TSharedProcessorFactory.h; sourceTree = "<group>"; };
		88EEADFB17C722F2008C4EB3 /* TSharedProcessorFactory.m */ = {isa = PBXFileReference; fileEncoding = 4; lastKnownFileType = sourcecode.c.objc; path = TSharedProcessorFactory.m; sourceTree = "<group>"; };
		88EEADFF17C72306008C4EB3 /* TBinaryProtocol.h */ = {isa = PBXFileReference; fileEncoding = 4; lastKnownFileType = sourcecode.c.h; path = TBinaryProtocol.h; sourceTree = "<group>"; };
		88EEAE0017C72306008C4EB3 /* TBinaryProtocol.m */ = {isa = PBXFileReference; fileEncoding = 4; lastKnownFileType = sourcecode.c.objc; path = TBinaryProtocol.m; sourceTree = "<group>"; };
		88EEAE0117C72306008C4EB3 /* TProtocol.h */ = {isa = PBXFileReference; fileEncoding = 4; lastKnownFileType = sourcecode.c.h; path = TProtocol.h; sourceTree = "<group>"; };
		88EEAE0217C72306008C4EB3 /* TProtocolException.h */ = {isa = PBXFileReference; fileEncoding = 4; lastKnownFileType = sourcecode.c.h; path = TProtocolException.h; sourceTree = "<group>"; };
		88EEAE0317C72306008C4EB3 /* TProtocolException.m */ = {isa = PBXFileReference; fileEncoding = 4; lastKnownFileType = sourcecode.c.objc; path = TProtocolException.m; sourceTree = "<group>"; };
		88EEAE0417C72306008C4EB3 /* TProtocolFactory.h */ = {isa = PBXFileReference; fileEncoding = 4; lastKnownFileType = sourcecode.c.h; path = TProtocolFactory.h; sourceTree = "<group>"; };
		88EEAE0517C72306008C4EB3 /* TProtocolUtil.h */ = {isa = PBXFileReference; fileEncoding = 4; lastKnownFileType = sourcecode.c.h; path = TProtocolUtil.h; sourceTree = "<group>"; };
		88EEAE0617C72306008C4EB3 /* TProtocolUtil.m */ = {isa = PBXFileReference; fileEncoding = 4; lastKnownFileType = sourcecode.c.objc; path = TProtocolUtil.m; sourceTree = "<group>"; };
		88EEAE0A17C7231C008C4EB3 /* THTTPClient.h */ = {isa = PBXFileReference; fileEncoding = 4; lastKnownFileType = sourcecode.c.h; path = THTTPClient.h; sourceTree = "<group>"; };
		88EEAE0B17C7231C008C4EB3 /* THTTPClient.m */ = {isa = PBXFileReference; fileEncoding = 4; lastKnownFileType = sourcecode.c.objc; path = THTTPClient.m; sourceTree = "<group>"; };
		88EEAE0C17C7231C008C4EB3 /* TMemoryBuffer.h */ = {isa = PBXFileReference; fileEncoding = 4; lastKnownFileType = sourcecode.c.h; path = TMemoryBuffer.h; sourceTree = "<group>"; };
		88EEAE0D17C7231C008C4EB3 /* TMemoryBuffer.m */ = {isa = PBXFileReference; fileEncoding = 4; lastKnownFileType = sourcecode.c.objc; path = TMemoryBuffer.m; sourceTree = "<group>"; };
		88EEAE0E17C7231C008C4EB3 /* TNSFileHandleTransport.h */ = {isa = PBXFileReference; fileEncoding = 4; lastKnownFileType = sourcecode.c.h; path = TNSFileHandleTransport.h; sourceTree = "<group>"; };
		88EEAE0F17C7231C008C4EB3 /* TNSFileHandleTransport.m */ = {isa = PBXFileReference; fileEncoding = 4; lastKnownFileType = sourcecode.c.objc; path = TNSFileHandleTransport.m; sourceTree = "<group>"; };
		88EEAE1017C7231C008C4EB3 /* TNSStreamTransport.h */ = {isa = PBXFileReference; fileEncoding = 4; lastKnownFileType = sourcecode.c.h; path = TNSStreamTransport.h; sourceTree = "<group>"; };
		88EEAE1117C7231C008C4EB3 /* TNSStreamTransport.m */ = {isa = PBXFileReference; fileEncoding = 4; lastKnownFileType = sourcecode.c.objc; path = TNSStreamTransport.m; sourceTree = "<group>"; };
		88EEAE1217C7231C008C4EB3 /* TSocketClient.h */ = {isa = PBXFileReference; fileEncoding = 4; lastKnownFileType = sourcecode.c.h; path = TSocketClient.h; sourceTree = "<group>"; };
		88EEAE1317C7231C008C4EB3 /* TSocketClient.m */ = {isa = PBXFileReference; fileEncoding = 4; lastKnownFileType = sourcecode.c.objc; path = TSocketClient.m; sourceTree = "<group>"; };
		88EEAE1417C7231C008C4EB3 /* TTransport.h */ = {isa = PBXFileReference; fileEncoding = 4; lastKnownFileType = sourcecode.c.h; path = TTransport.h; sourceTree = "<group>"; };
		88EEAE1517C7231C008C4EB3 /* TTransportException.h */ = {isa = PBXFileReference; fileEncoding = 4; lastKnownFileType = sourcecode.c.h; path = TTransportException.h; sourceTree = "<group>"; };
		88EEAE1617C7231C008C4EB3 /* TTransportException.m */ = {isa = PBXFileReference; fileEncoding = 4; lastKnownFileType = sourcecode.c.objc; path = TTransportException.m; sourceTree = "<group>"; };
		88F3C86B17C44BDE00F07127 /* DriverInfoCell.h */ = {isa = PBXFileReference; fileEncoding = 4; lastKnownFileType = sourcecode.c.h; path = DriverInfoCell.h; sourceTree = "<group>"; };
		88F3C86C17C44BDE00F07127 /* DriverInfoCell.m */ = {isa = PBXFileReference; fileEncoding = 4; lastKnownFileType = sourcecode.c.objc; path = DriverInfoCell.m; sourceTree = "<group>"; };
		88F3C87317C44FD300F07127 /* DPMeterView.h */ = {isa = PBXFileReference; fileEncoding = 4; lastKnownFileType = sourcecode.c.h; path = DPMeterView.h; sourceTree = "<group>"; };
		88F3C87417C44FD300F07127 /* DPMeterView.m */ = {isa = PBXFileReference; fileEncoding = 4; lastKnownFileType = sourcecode.c.objc; path = DPMeterView.m; sourceTree = "<group>"; };
		88F3C87517C44FD300F07127 /* UIBezierPath+BasicShapes.h */ = {isa = PBXFileReference; fileEncoding = 4; lastKnownFileType = sourcecode.c.h; path = "UIBezierPath+BasicShapes.h"; sourceTree = "<group>"; };
		88F3C87617C44FD300F07127 /* UIBezierPath+BasicShapes.m */ = {isa = PBXFileReference; fileEncoding = 4; lastKnownFileType = sourcecode.c.objc; path = "UIBezierPath+BasicShapes.m"; sourceTree = "<group>"; };
		88F3C87917C4537000F07127 /* QuartzCore.framework */ = {isa = PBXFileReference; lastKnownFileType = wrapper.framework; name = QuartzCore.framework; path = System/Library/Frameworks/QuartzCore.framework; sourceTree = SDKROOT; };
		88F3C88017C465B500F07127 /* contentSprarator.png */ = {isa = PBXFileReference; lastKnownFileType = image.png; path = contentSprarator.png; sourceTree = "<group>"; };
		88F3C88117C465B500F07127 /* contentSprarator@2x.png */ = {isa = PBXFileReference; lastKnownFileType = image.png; path = "contentSprarator@2x.png"; sourceTree = "<group>"; };
		88F3C88417C48B1C00F07127 /* search-cell-accessory@2x.png */ = {isa = PBXFileReference; lastKnownFileType = image.png; path = "search-cell-accessory@2x.png"; sourceTree = "<group>"; };
		88F3C88517C48B1C00F07127 /* search-cell-avatar-shadow@2x.png */ = {isa = PBXFileReference; lastKnownFileType = image.png; path = "search-cell-avatar-shadow@2x.png"; sourceTree = "<group>"; };
		88F3C88C17C48CA700F07127 /* apple.jpg */ = {isa = PBXFileReference; lastKnownFileType = image.jpeg; path = apple.jpg; sourceTree = "<group>"; };
		88F3C88E17C4929F00F07127 /* DriverInfo.h */ = {isa = PBXFileReference; fileEncoding = 4; lastKnownFileType = sourcecode.c.h; path = DriverInfo.h; sourceTree = "<group>"; };
		88F3C88F17C4929F00F07127 /* DriverInfo.m */ = {isa = PBXFileReference; fileEncoding = 4; lastKnownFileType = sourcecode.c.objc; path = DriverInfo.m; sourceTree = "<group>"; };
		88F3C89117C4957500F07127 /* CoreLocation.framework */ = {isa = PBXFileReference; lastKnownFileType = wrapper.framework; name = CoreLocation.framework; path = System/Library/Frameworks/CoreLocation.framework; sourceTree = SDKROOT; };
		88F3C89317C4958000F07127 /* AddressBook.framework */ = {isa = PBXFileReference; lastKnownFileType = wrapper.framework; name = AddressBook.framework; path = System/Library/Frameworks/AddressBook.framework; sourceTree = SDKROOT; };
		88FB315617CDDCD600568456 /* FlatRoundedImageView.h */ = {isa = PBXFileReference; fileEncoding = 4; lastKnownFileType = sourcecode.c.h; path = FlatRoundedImageView.h; sourceTree = "<group>"; };
		88FB315717CDDCD600568456 /* FlatRoundedImageView.m */ = {isa = PBXFileReference; fileEncoding = 4; lastKnownFileType = sourcecode.c.objc; path = FlatRoundedImageView.m; sourceTree = "<group>"; };
		88FB315917CDDED400568456 /* cn.png */ = {isa = PBXFileReference; lastKnownFileType = image.png; path = cn.png; sourceTree = "<group>"; };
		88FF669E17CC523300A632C9 /* SystemConfiguration.framework */ = {isa = PBXFileReference; lastKnownFileType = wrapper.framework; name = SystemConfiguration.framework; path = System/Library/Frameworks/SystemConfiguration.framework; sourceTree = SDKROOT; };
		88FF66A917CC596E00A632C9 /* Reachability.h */ = {isa = PBXFileReference; fileEncoding = 4; lastKnownFileType = sourcecode.c.h; path = Reachability.h; sourceTree = "<group>"; };
		88FF66AA17CC596E00A632C9 /* Reachability.m */ = {isa = PBXFileReference; fileEncoding = 4; lastKnownFileType = sourcecode.c.objc; path = Reachability.m; sourceTree = "<group>"; };
/* End PBXFileReference section */

/* Begin PBXFrameworksBuildPhase section */
		88AFF71D17C3615200DCDE7E /* Frameworks */ = {
			isa = PBXFrameworksBuildPhase;
			buildActionMask = 2147483647;
			files = (
				88FF669F17CC523300A632C9 /* SystemConfiguration.framework in Frameworks */,
				88F3C89417C4958000F07127 /* AddressBook.framework in Frameworks */,
				88F3C89217C4957500F07127 /* CoreLocation.framework in Frameworks */,
				88F3C87A17C4537000F07127 /* QuartzCore.framework in Frameworks */,
				8897E9EA17C376B2002ECE90 /* MapKit.framework in Frameworks */,
				88AFF72517C3615200DCDE7E /* UIKit.framework in Frameworks */,
				88AFF72717C3615200DCDE7E /* Foundation.framework in Frameworks */,
				88AFF72917C3615200DCDE7E /* CoreGraphics.framework in Frameworks */,
			);
			runOnlyForDeploymentPostprocessing = 0;
		};
/* End PBXFrameworksBuildPhase section */

/* Begin PBXGroup section */
		887CF9D417CAF5F9002C370D /* CollapseClickView */ = {
			isa = PBXGroup;
			children = (
				887CF9D517CAF652002C370D /* CollapseClickCell.h */,
				887CF9D617CAF652002C370D /* CollapseClickCell.m */,
				887CF9D817CB0107002C370D /* CollapseClick.h */,
				887CF9D917CB0107002C370D /* CollapseClick.m */,
			);
			name = CollapseClickView;
			sourceTree = "<group>";
		};
		88AFF71517C3615200DCDE7E = {
			isa = PBXGroup;
			children = (
				88EEADEF17C72299008C4EB3 /* thrift */,
				88BEECB717C4984600205FB7 /* command.json */,
				88AFF79C17C3657400DCDE7E /* class */,
				88AFF74D17C363F700DCDE7E /* Images */,
				88AFF72A17C3615200DCDE7E /* ZuoxinApp */,
				88AFF72317C3615200DCDE7E /* Frameworks */,
				88AFF72117C3615200DCDE7E /* Products */,
			);
			sourceTree = "<group>";
		};
		88AFF72117C3615200DCDE7E /* Products */ = {
			isa = PBXGroup;
			children = (
				88AFF72017C3615200DCDE7E /* ZuoxinApp.app */,
			);
			name = Products;
			sourceTree = "<group>";
		};
		88AFF72317C3615200DCDE7E /* Frameworks */ = {
			isa = PBXGroup;
			children = (
				88FF669E17CC523300A632C9 /* SystemConfiguration.framework */,
				88F3C89317C4958000F07127 /* AddressBook.framework */,
				88F3C89117C4957500F07127 /* CoreLocation.framework */,
				88F3C87917C4537000F07127 /* QuartzCore.framework */,
				8897E9E917C376B2002ECE90 /* MapKit.framework */,
				88AFF72417C3615200DCDE7E /* UIKit.framework */,
				88AFF72617C3615200DCDE7E /* Foundation.framework */,
				88AFF72817C3615200DCDE7E /* CoreGraphics.framework */,
			);
			name = Frameworks;
			sourceTree = "<group>";
		};
		88AFF72A17C3615200DCDE7E /* ZuoxinApp */ = {
			isa = PBXGroup;
			children = (
				88AFF74517C3617000DCDE7E /* 寻求代驾 */,
				88AFF74417C3616C00DCDE7E /* 多人预约 */,
				88AFF74317C3616600DCDE7E /* 价格表 */,
				88AFF74217C3616300DCDE7E /* 邀请好友 */,
				88AFF74117C3615D00DCDE7E /* 更多 */,
				88AFF73317C3615200DCDE7E /* Zuoxin_comAppDelegate.h */,
				88AFF73417C3615200DCDE7E /* Zuoxin_comAppDelegate.m */,
				88AFF74917C3621800DCDE7E /* TabBarController.h */,
				88AFF74A17C3621800DCDE7E /* TabBarController.m */,
				88AFF72B17C3615200DCDE7E /* Supporting Files */,
			);
			path = ZuoxinApp;
			sourceTree = "<group>";
		};
		88AFF72B17C3615200DCDE7E /* Supporting Files */ = {
			isa = PBXGroup;
			children = (
				88AFF72C17C3615200DCDE7E /* ZuoxinApp-Info.plist */,
				88AFF72D17C3615200DCDE7E /* InfoPlist.strings */,
				88AFF73017C3615200DCDE7E /* main.m */,
				88AFF73217C3615200DCDE7E /* ZuoxinApp-Prefix.pch */,
				887556FD17CDA1EA0017E1B9 /* Default-568h@2x.png */,
				88AFF75217C3642300DCDE7E /* Default-568h@2x.png */,
				88AFF75317C3642300DCDE7E /* Default@2x.png */,
			);
			name = "Supporting Files";
			sourceTree = "<group>";
		};
		88AFF74117C3615D00DCDE7E /* 更多 */ = {
			isa = PBXGroup;
			children = (
				88AFF7AF17C3665B00DCDE7E /* ZuoxinMore.h */,
				88AFF7B017C3665B00DCDE7E /* ZuoxinMore.m */,
			);
			name = "更多";
			sourceTree = "<group>";
		};
		88AFF74217C3616300DCDE7E /* 邀请好友 */ = {
			isa = PBXGroup;
			children = (
				88AFF7AC17C3664C00DCDE7E /* ZuoxinInvitation.h */,
				88AFF7AD17C3664C00DCDE7E /* ZuoxinInvitation.m */,
			);
			name = "邀请好友";
			sourceTree = "<group>";
		};
		88AFF74317C3616600DCDE7E /* 价格表 */ = {
			isa = PBXGroup;
			children = (
				88AFF7A917C3663B00DCDE7E /* ZuoxinQueryFare.h */,
				88AFF7AA17C3663B00DCDE7E /* ZuoxinQueryFare.m */,
			);
			name = "价格表";
			sourceTree = "<group>";
		};
		88AFF74417C3616C00DCDE7E /* 多人预约 */ = {
			isa = PBXGroup;
			children = (
				88AFF7A617C3661900DCDE7E /* ZuoxinReservation.h */,
				88AFF7A717C3661900DCDE7E /* ZuoxinReservation.m */,
				88DD8DC117C5F60A006E2F13 /* ZuoxinReservationDetail.h */,
				88DD8DC217C5F60A006E2F13 /* ZuoxinReservationDetail.m */,
				88B0117717C74721007B3653 /* login_dropdown_bg.png */,
				88B0117817C74721007B3653 /* login_dropdown_bg@2x.png */,
				88B0117917C74721007B3653 /* login_bg.jpg */,
				88B0117A17C74721007B3653 /* login_bg@2x.jpg */,
				88B0118017C74755007B3653 /* login_textfield_more_flip.png */,
				88B0118117C74755007B3653 /* login_textfield_more_flip@2x.png */,
				88B0118217C74755007B3653 /* login_textfield_more.png */,
				88B0118317C74755007B3653 /* login_textfield_more@2x.png */,
				88B0118817C74767007B3653 /* login_textfield_mid.png */,
			);
			name = "多人预约";
			sourceTree = "<group>";
		};
		88AFF74517C3617000DCDE7E /* 寻求代驾 */ = {
			isa = PBXGroup;
			children = (
				88AFF7A317C365DA00DCDE7E /* ZuoxinTaxiInfo.h */,
				88AFF7A417C365DA00DCDE7E /* ZuoxinTaxiInfo.m */,
				882256A817C5B1550020FB45 /* DriverDetail.h */,
				882256A917C5B1550020FB45 /* DriverDetail.m */,
			);
			name = "寻求代驾";
			sourceTree = "<group>";
		};
		88AFF74D17C363F700DCDE7E /* Images */ = {
			isa = PBXGroup;
			children = (
				8883595817C6018100668303 /* invite-gift@2x.png */,
				8883595917C6018100668303 /* invite-message@2x.png */,
				8883595A17C6018100668303 /* invite-sina@2x.png */,
				8883595B17C6018100668303 /* invite-tencent@2x.png */,
				8883595C17C6018100668303 /* invite-weixin@2x.png */,
				8883595117C5FD7D00668303 /* invite-backimage@2x.png */,
				882256BB17C5E5F30020FB45 /* renderimg.png */,
				88F3C88C17C48CA700F07127 /* apple.jpg */,
				88F3C88417C48B1C00F07127 /* search-cell-accessory@2x.png */,
				88F3C88517C48B1C00F07127 /* search-cell-avatar-shadow@2x.png */,
				88F3C88017C465B500F07127 /* contentSprarator.png */,
				88F3C88117C465B500F07127 /* contentSprarator@2x.png */,
				88AFF74E17C3642300DCDE7E /* blackArrow.png */,
				88AFF74F17C3642300DCDE7E /* blackArrow@2x.png */,
				88AFF75017C3642300DCDE7E /* blueArrow.png */,
				887556FB17CDA1CB0017E1B9 /* Default@2x.png */,
				88AFF75117C3642300DCDE7E /* blueArrow@2x.png */,
				88AFF75417C3642300DCDE7E /* login-press@2x.png */,
				88AFF75517C3642300DCDE7E /* login@2x.png */,
				88AFF75617C3642300DCDE7E /* navigation-back-highlighted@2x.png */,
				88AFF75717C3642300DCDE7E /* navigation-back-normal@2x.png */,
				88AFF75817C3642300DCDE7E /* navigation-button-highlighted@2x.png */,
				88AFF75917C3642300DCDE7E /* navigation-button-normal@2x.png */,
				88AFF75A17C3642300DCDE7E /* navigationbar-background@2x.png */,
				88AFF75B17C3642300DCDE7E /* relocation-press@2x.png */,
				88AFF75C17C3642300DCDE7E /* relocation@2x.png */,
				88AFF75D17C3642300DCDE7E /* search-list-button-normal@2x.png */,
				88AFF75E17C3642300DCDE7E /* search-list-button-selected@2x.png */,
				88AFF75F17C3642300DCDE7E /* search-locate-button@2x.png */,
				88AFF76017C3642300DCDE7E /* search-map-button-normal@2x.png */,
				88AFF76117C3642300DCDE7E /* search-map-button-selected@2x.png */,
				88AFF76217C3642300DCDE7E /* tabbar-1@2x.png */,
				88AFF76317C3642300DCDE7E /* tabbar-1s@2x.png */,
				88AFF76417C3642300DCDE7E /* tabbar-2@2x.png */,
				88AFF76517C3642300DCDE7E /* tabbar-2s@2x.png */,
				88AFF76617C3642300DCDE7E /* tabbar-3@2x.png */,
				88AFF76717C3642300DCDE7E /* tabbar-3s@2x.png */,
				88AFF76817C3642300DCDE7E /* tabbar-4s@2x.png */,
				88AFF78E17C3643300DCDE7E /* tabbar-4@2x.png */,
				88AFF76917C3642300DCDE7E /* tabbar-5@2x.png */,
				88AFF76A17C3642300DCDE7E /* tabbar-5s@2x.png */,
				88AFF76B17C3642300DCDE7E /* tabbar-background@2x.png */,
				88AFF76C17C3642300DCDE7E /* whiteArrow.png */,
				88AFF76D17C3642300DCDE7E /* whiteArrow@2x.png */,
			);
			name = Images;
			sourceTree = "<group>";
		};
		88AFF79C17C3657400DCDE7E /* class */ = {
			isa = PBXGroup;
			children = (
				88FF66AC17CC597A00A632C9 /* Reachability */,
				887CF9D417CAF5F9002C370D /* CollapseClickView */,
				88B011A217C763D4007B3653 /* RefreshTableHeaderView */,
				88BEECBE17C49C7F00205FB7 /* DriverAnnotation */,
				88FF66B117CCA29800A632C9 /* DPMeterView */,
				88FB315517CDDC9400568456 /* FlatRoundedImageView */,
				88AFF79D17C3659800DCDE7E /* BasicViewModel.h */,
				88AFF79E17C3659800DCDE7E /* BasicViewModel.m */,
				88AFF7B617C36A8300DCDE7E /* BackBtn.h */,
				88AFF7B717C36A8300DCDE7E /* BackBtn.m */,
				88AFF7B817C36A8300DCDE7E /* CustomBtn.h */,
				88AFF7B917C36A8300DCDE7E /* CustomBtn.m */,
				88F3C86B17C44BDE00F07127 /* DriverInfoCell.h */,
				88F3C86C17C44BDE00F07127 /* DriverInfoCell.m */,
				882256AC17C5B63A0020FB45 /* CustomerCommentCell.h */,
				882256AD17C5B63A0020FB45 /* CustomerCommentCell.m */,
				88F3C88E17C4929F00F07127 /* DriverInfo.h */,
				88F3C88F17C4929F00F07127 /* DriverInfo.m */,
				88DD8DBD17C5F1DE006E2F13 /* CustomTextField.h */,
				88DD8DBE17C5F1DE006E2F13 /* CustomTextField.m */,
			);
			name = class;
			sourceTree = "<group>";
		};
		88B011A217C763D4007B3653 /* RefreshTableHeaderView */ = {
			isa = PBXGroup;
			children = (
				88B011AB17C76D4E007B3653 /* EGORefreshTableHeaderView.h */,
				88B011AC17C76D4E007B3653 /* EGORefreshTableHeaderView.m */,
			);
			name = RefreshTableHeaderView;
			sourceTree = "<group>";
		};
		88BEECBE17C49C7F00205FB7 /* DriverAnnotation */ = {
			isa = PBXGroup;
			children = (
				88BEECBF17C49CE600205FB7 /* DriverBasicInfo.h */,
				88BEECC017C49CE600205FB7 /* DriverBasicInfo.m */,
				88BEECC517C49DBD00205FB7 /* DriverBasicInfoView.h */,
				88BEECC617C49DBD00205FB7 /* DriverBasicInfoView.m */,
				88BEECC817C4AB0E00205FB7 /* DriverBasicInfoAnnotation.h */,
				88BEECC917C4AB0E00205FB7 /* DriverBasicInfoAnnotation.m */,
			);
			name = DriverAnnotation;
			sourceTree = "<group>";
		};
		88EEADA617C70B86008C4EB3 /* gen-cocoa */ = {
			isa = PBXGroup;
			children = (
				88EEADA817C70BA7008C4EB3 /* zuoxin.h */,
				88EEADA917C70BA7008C4EB3 /* zuoxin.m */,
			);
			name = "gen-cocoa";
			sourceTree = "<group>";
		};
		88EEADEF17C72299008C4EB3 /* thrift */ = {
			isa = PBXGroup;
			children = (
				88EEADF217C722F2008C4EB3 /* TProcessor.h */,
				88EEADF317C722F2008C4EB3 /* TProcessorFactory.h */,
				88EEADF417C722F2008C4EB3 /* TApplicationException.h */,
				88EEADF517C722F2008C4EB3 /* TApplicationException.m */,
				88EEADF617C722F2008C4EB3 /* TException.h */,
				88EEADF717C722F2008C4EB3 /* TException.m */,
				88EEADF817C722F2008C4EB3 /* Thrift.h */,
				88EEADF917C722F2008C4EB3 /* TObjective-C.h */,
				88EEADFA17C722F2008C4EB3 /* TSharedProcessorFactory.h */,
				88EEADFB17C722F2008C4EB3 /* TSharedProcessorFactory.m */,
				88EEADA617C70B86008C4EB3 /* gen-cocoa */,
				88EEADF117C722D4008C4EB3 /* transport */,
				88EEADF017C722C3008C4EB3 /* protocol */,
			);
			name = thrift;
			sourceTree = "<group>";
		};
		88EEADF017C722C3008C4EB3 /* protocol */ = {
			isa = PBXGroup;
			children = (
				88EEADFF17C72306008C4EB3 /* TBinaryProtocol.h */,
				88EEAE0017C72306008C4EB3 /* TBinaryProtocol.m */,
				88EEAE0117C72306008C4EB3 /* TProtocol.h */,
				88EEAE0217C72306008C4EB3 /* TProtocolException.h */,
				88EEAE0317C72306008C4EB3 /* TProtocolException.m */,
				88EEAE0417C72306008C4EB3 /* TProtocolFactory.h */,
				88EEAE0517C72306008C4EB3 /* TProtocolUtil.h */,
				88EEAE0617C72306008C4EB3 /* TProtocolUtil.m */,
			);
			name = protocol;
			sourceTree = "<group>";
		};
		88EEADF117C722D4008C4EB3 /* transport */ = {
			isa = PBXGroup;
			children = (
				88EEAE0A17C7231C008C4EB3 /* THTTPClient.h */,
				88EEAE0B17C7231C008C4EB3 /* THTTPClient.m */,
				88EEAE0C17C7231C008C4EB3 /* TMemoryBuffer.h */,
				88EEAE0D17C7231C008C4EB3 /* TMemoryBuffer.m */,
				88EEAE0E17C7231C008C4EB3 /* TNSFileHandleTransport.h */,
				88EEAE0F17C7231C008C4EB3 /* TNSFileHandleTransport.m */,
				88EEAE1017C7231C008C4EB3 /* TNSStreamTransport.h */,
				88EEAE1117C7231C008C4EB3 /* TNSStreamTransport.m */,
				88EEAE1217C7231C008C4EB3 /* TSocketClient.h */,
				88EEAE1317C7231C008C4EB3 /* TSocketClient.m */,
				88EEAE1417C7231C008C4EB3 /* TTransport.h */,
				88EEAE1517C7231C008C4EB3 /* TTransportException.h */,
				88EEAE1617C7231C008C4EB3 /* TTransportException.m */,
			);
			name = transport;
			sourceTree = "<group>";
		};
		88FB315517CDDC9400568456 /* FlatRoundedImageView */ = {
			isa = PBXGroup;
			children = (
				88FB315617CDDCD600568456 /* FlatRoundedImageView.h */,
				88FB315717CDDCD600568456 /* FlatRoundedImageView.m */,
				88FB315917CDDED400568456 /* cn.png */,
			);
			name = FlatRoundedImageView;
			sourceTree = "<group>";
		};
		88FF66AC17CC597A00A632C9 /* Reachability */ = {
			isa = PBXGroup;
			children = (
				88FF66A917CC596E00A632C9 /* Reachability.h */,
				88FF66AA17CC596E00A632C9 /* Reachability.m */,
			);
			name = Reachability;
			sourceTree = "<group>";
		};
		88FF66B117CCA29800A632C9 /* DPMeterView */ = {
			isa = PBXGroup;
			children = (
				88F3C87317C44FD300F07127 /* DPMeterView.h */,
				88F3C87417C44FD300F07127 /* DPMeterView.m */,
				88F3C87517C44FD300F07127 /* UIBezierPath+BasicShapes.h */,
				88F3C87617C44FD300F07127 /* UIBezierPath+BasicShapes.m */,
			);
			name = DPMeterView;
			sourceTree = "<group>";
		};
/* End PBXGroup section */

/* Begin PBXNativeTarget section */
		88AFF71F17C3615200DCDE7E /* ZuoxinApp */ = {
			isa = PBXNativeTarget;
			buildConfigurationList = 88AFF73E17C3615200DCDE7E /* Build configuration list for PBXNativeTarget "ZuoxinApp" */;
			buildPhases = (
				88AFF71C17C3615200DCDE7E /* Sources */,
				88AFF71D17C3615200DCDE7E /* Frameworks */,
				88AFF71E17C3615200DCDE7E /* Resources */,
			);
			buildRules = (
			);
			dependencies = (
			);
			name = ZuoxinApp;
			productName = ZuoxinApp;
			productReference = 88AFF72017C3615200DCDE7E /* ZuoxinApp.app */;
			productType = "com.apple.product-type.application";
		};
/* End PBXNativeTarget section */

/* Begin PBXProject section */
		88AFF71717C3615200DCDE7E /* Project object */ = {
			isa = PBXProject;
			attributes = {
				CLASSPREFIX = Zuoxin.com;
				LastUpgradeCheck = 0460;
				ORGANIZATIONNAME = Zuoxin.com;
			};
			buildConfigurationList = 88AFF71A17C3615200DCDE7E /* Build configuration list for PBXProject "ZuoxinApp" */;
			compatibilityVersion = "Xcode 3.2";
			developmentRegion = English;
			hasScannedForEncodings = 0;
			knownRegions = (
				en,
			);
			mainGroup = 88AFF71517C3615200DCDE7E;
			productRefGroup = 88AFF72117C3615200DCDE7E /* Products */;
			projectDirPath = "";
			projectRoot = "";
			targets = (
				88AFF71F17C3615200DCDE7E /* ZuoxinApp */,
			);
		};
/* End PBXProject section */

/* Begin PBXResourcesBuildPhase section */
		88AFF71E17C3615200DCDE7E /* Resources */ = {
			isa = PBXResourcesBuildPhase;
			buildActionMask = 2147483647;
			files = (
				88AFF72F17C3615200DCDE7E /* InfoPlist.strings in Resources */,
				88AFF76E17C3642300DCDE7E /* blackArrow.png in Resources */,
				88AFF76F17C3642300DCDE7E /* blackArrow@2x.png in Resources */,
				88AFF77017C3642300DCDE7E /* blueArrow.png in Resources */,
				88AFF77117C3642300DCDE7E /* blueArrow@2x.png in Resources */,
				88AFF77217C3642300DCDE7E /* Default-568h@2x.png in Resources */,
				88AFF77317C3642300DCDE7E /* Default@2x.png in Resources */,
				88AFF77417C3642300DCDE7E /* login-press@2x.png in Resources */,
				88AFF77517C3642300DCDE7E /* login@2x.png in Resources */,
				88AFF77617C3642300DCDE7E /* navigation-back-highlighted@2x.png in Resources */,
				88AFF77717C3642300DCDE7E /* navigation-back-normal@2x.png in Resources */,
				88AFF77817C3642300DCDE7E /* navigation-button-highlighted@2x.png in Resources */,
				88AFF77917C3642300DCDE7E /* navigation-button-normal@2x.png in Resources */,
				88AFF77A17C3642300DCDE7E /* navigationbar-background@2x.png in Resources */,
				88AFF77B17C3642300DCDE7E /* relocation-press@2x.png in Resources */,
				88AFF77C17C3642300DCDE7E /* relocation@2x.png in Resources */,
				88AFF77D17C3642300DCDE7E /* search-list-button-normal@2x.png in Resources */,
				88AFF77E17C3642300DCDE7E /* search-list-button-selected@2x.png in Resources */,
				88AFF77F17C3642300DCDE7E /* search-locate-button@2x.png in Resources */,
				88AFF78017C3642300DCDE7E /* search-map-button-normal@2x.png in Resources */,
				88AFF78117C3642300DCDE7E /* search-map-button-selected@2x.png in Resources */,
				88AFF78217C3642300DCDE7E /* tabbar-1@2x.png in Resources */,
				88AFF78317C3642300DCDE7E /* tabbar-1s@2x.png in Resources */,
				88AFF78417C3642300DCDE7E /* tabbar-2@2x.png in Resources */,
				88AFF78517C3642300DCDE7E /* tabbar-2s@2x.png in Resources */,
				88AFF78617C3642300DCDE7E /* tabbar-3@2x.png in Resources */,
				88AFF78717C3642300DCDE7E /* tabbar-3s@2x.png in Resources */,
				88AFF78817C3642300DCDE7E /* tabbar-4s@2x.png in Resources */,
				88AFF78917C3642300DCDE7E /* tabbar-5@2x.png in Resources */,
				88AFF78A17C3642300DCDE7E /* tabbar-5s@2x.png in Resources */,
				88AFF78B17C3642300DCDE7E /* tabbar-background@2x.png in Resources */,
				88AFF78C17C3642300DCDE7E /* whiteArrow.png in Resources */,
				88AFF78D17C3642300DCDE7E /* whiteArrow@2x.png in Resources */,
				88AFF78F17C3643300DCDE7E /* tabbar-4@2x.png in Resources */,
				88F3C88217C465B500F07127 /* contentSprarator.png in Resources */,
				88F3C88317C465B500F07127 /* contentSprarator@2x.png in Resources */,
				88F3C88617C48B1C00F07127 /* search-cell-accessory@2x.png in Resources */,
				88F3C88717C48B1C00F07127 /* search-cell-avatar-shadow@2x.png in Resources */,
				88F3C88D17C48CA700F07127 /* apple.jpg in Resources */,
				88BEECB817C4984600205FB7 /* command.json in Resources */,
				882256BC17C5E5F30020FB45 /* renderimg.png in Resources */,
				8883595217C5FD7D00668303 /* invite-backimage@2x.png in Resources */,
				8883595D17C6018100668303 /* invite-gift@2x.png in Resources */,
				8883595E17C6018100668303 /* invite-message@2x.png in Resources */,
				8883595F17C6018100668303 /* invite-sina@2x.png in Resources */,
				8883596017C6018100668303 /* invite-tencent@2x.png in Resources */,
				8883596117C6018100668303 /* invite-weixin@2x.png in Resources */,
				88B0117B17C74721007B3653 /* login_dropdown_bg.png in Resources */,
				88B0117C17C74721007B3653 /* login_dropdown_bg@2x.png in Resources */,
				88B0117D17C74721007B3653 /* login_bg.jpg in Resources */,
				88B0117E17C74721007B3653 /* login_bg@2x.jpg in Resources */,
				88B0118417C74755007B3653 /* login_textfield_more_flip.png in Resources */,
				88B0118517C74755007B3653 /* login_textfield_more_flip@2x.png in Resources */,
				88B0118617C74755007B3653 /* login_textfield_more.png in Resources */,
				88B0118717C74755007B3653 /* login_textfield_more@2x.png in Resources */,
				88B0118917C74767007B3653 /* login_textfield_mid.png in Resources */,
				88FB315A17CDDED500568456 /* cn.png in Resources */,
			);
			runOnlyForDeploymentPostprocessing = 0;
		};
/* End PBXResourcesBuildPhase section */

/* Begin PBXSourcesBuildPhase section */
		88AFF71C17C3615200DCDE7E /* Sources */ = {
			isa = PBXSourcesBuildPhase;
			buildActionMask = 2147483647;
			files = (
				88AFF73117C3615200DCDE7E /* main.m in Sources */,
				88AFF73517C3615200DCDE7E /* Zuoxin_comAppDelegate.m in Sources */,
				88AFF74B17C3621800DCDE7E /* TabBarController.m in Sources */,
				88AFF79F17C3659800DCDE7E /* BasicViewModel.m in Sources */,
				88AFF7A517C365DA00DCDE7E /* ZuoxinTaxiInfo.m in Sources */,
				88AFF7A817C3661900DCDE7E /* ZuoxinReservation.m in Sources */,
				88AFF7AB17C3663B00DCDE7E /* ZuoxinQueryFare.m in Sources */,
				88AFF7AE17C3664C00DCDE7E /* ZuoxinInvitation.m in Sources */,
				88AFF7B117C3665B00DCDE7E /* ZuoxinMore.m in Sources */,
				88AFF7BA17C36A8300DCDE7E /* BackBtn.m in Sources */,
				88AFF7BB17C36A8300DCDE7E /* CustomBtn.m in Sources */,
				88F3C86D17C44BDE00F07127 /* DriverInfoCell.m in Sources */,
				88F3C87717C44FD300F07127 /* DPMeterView.m in Sources */,
				88F3C87817C44FD300F07127 /* UIBezierPath+BasicShapes.m in Sources */,
				88F3C89017C4929F00F07127 /* DriverInfo.m in Sources */,
				88BEECC117C49CE600205FB7 /* DriverBasicInfo.m in Sources */,
				88BEECC717C49DBD00205FB7 /* DriverBasicInfoView.m in Sources */,
				88BEECCA17C4AB0E00205FB7 /* DriverBasicInfoAnnotation.m in Sources */,
				882256AA17C5B1550020FB45 /* DriverDetail.m in Sources */,
				882256AE17C5B63A0020FB45 /* CustomerCommentCell.m in Sources */,
				88DD8DBF17C5F1DE006E2F13 /* CustomTextField.m in Sources */,
				88DD8DC317C5F60A006E2F13 /* ZuoxinReservationDetail.m in Sources */,
				88EEADAA17C70BA7008C4EB3 /* zuoxin.m in Sources */,
				88EEADFC17C722F2008C4EB3 /* TApplicationException.m in Sources */,
				88EEADFD17C722F2008C4EB3 /* TException.m in Sources */,
				88EEADFE17C722F2008C4EB3 /* TSharedProcessorFactory.m in Sources */,
				88EEAE0717C72306008C4EB3 /* TBinaryProtocol.m in Sources */,
				88EEAE0817C72306008C4EB3 /* TProtocolException.m in Sources */,
				88EEAE0917C72306008C4EB3 /* TProtocolUtil.m in Sources */,
				88EEAE1717C7231C008C4EB3 /* THTTPClient.m in Sources */,
				88EEAE1817C7231C008C4EB3 /* TMemoryBuffer.m in Sources */,
				88EEAE1917C7231C008C4EB3 /* TNSFileHandleTransport.m in Sources */,
				88EEAE1A17C7231C008C4EB3 /* TNSStreamTransport.m in Sources */,
				88EEAE1B17C7231C008C4EB3 /* TSocketClient.m in Sources */,
				88EEAE1C17C7231C008C4EB3 /* TTransportException.m in Sources */,
				88B011AD17C76D4E007B3653 /* EGORefreshTableHeaderView.m in Sources */,
				887CF9D717CAF652002C370D /* CollapseClickCell.m in Sources */,
				887CF9DA17CB0107002C370D /* CollapseClick.m in Sources */,
				88FF66AB17CC596E00A632C9 /* Reachability.m in Sources */,
				88FB315817CDDCD600568456 /* FlatRoundedImageView.m in Sources */,
			);
			runOnlyForDeploymentPostprocessing = 0;
		};
/* End PBXSourcesBuildPhase section */

/* Begin PBXVariantGroup section */
		88AFF72D17C3615200DCDE7E /* InfoPlist.strings */ = {
			isa = PBXVariantGroup;
			children = (
				88AFF72E17C3615200DCDE7E /* en */,
			);
			name = InfoPlist.strings;
			sourceTree = "<group>";
		};
/* End PBXVariantGroup section */

/* Begin XCBuildConfiguration section */
		88AFF73C17C3615200DCDE7E /* Debug */ = {
			isa = XCBuildConfiguration;
			buildSettings = {
				ALWAYS_SEARCH_USER_PATHS = NO;
				CLANG_CXX_LANGUAGE_STANDARD = "gnu++0x";
				CLANG_CXX_LIBRARY = "libc++";
				CLANG_ENABLE_OBJC_ARC = YES;
				CLANG_WARN_EMPTY_BODY = YES;
				CLANG_WARN__DUPLICATE_METHOD_MATCH = YES;
				"CODE_SIGN_IDENTITY[sdk=iphoneos*]" = "iPhone Developer";
				COPY_PHASE_STRIP = NO;
				GCC_C_LANGUAGE_STANDARD = gnu99;
				GCC_DYNAMIC_NO_PIC = NO;
				GCC_OPTIMIZATION_LEVEL = 0;
				GCC_PREPROCESSOR_DEFINITIONS = (
					"DEBUG=1",
					"$(inherited)",
				);
				GCC_SYMBOLS_PRIVATE_EXTERN = NO;
				GCC_WARN_ABOUT_RETURN_TYPE = YES;
				GCC_WARN_UNINITIALIZED_AUTOS = YES;
				GCC_WARN_UNUSED_VARIABLE = YES;
				IPHONEOS_DEPLOYMENT_TARGET = 6.0;
				SDKROOT = iphoneos;
			};
			name = Debug;
		};
		88AFF73D17C3615200DCDE7E /* Release */ = {
			isa = XCBuildConfiguration;
			buildSettings = {
				ALWAYS_SEARCH_USER_PATHS = NO;
				CLANG_CXX_LANGUAGE_STANDARD = "gnu++0x";
				CLANG_CXX_LIBRARY = "libc++";
				CLANG_ENABLE_OBJC_ARC = YES;
				CLANG_WARN_EMPTY_BODY = YES;
				CLANG_WARN__DUPLICATE_METHOD_MATCH = YES;
				"CODE_SIGN_IDENTITY[sdk=iphoneos*]" = "iPhone Developer";
				COPY_PHASE_STRIP = YES;
				GCC_C_LANGUAGE_STANDARD = gnu99;
				GCC_WARN_ABOUT_RETURN_TYPE = YES;
				GCC_WARN_UNINITIALIZED_AUTOS = YES;
				GCC_WARN_UNUSED_VARIABLE = YES;
				IPHONEOS_DEPLOYMENT_TARGET = 6.0;
				OTHER_CFLAGS = "-DNS_BLOCK_ASSERTIONS=1";
				SDKROOT = iphoneos;
				VALIDATE_PRODUCT = YES;
			};
			name = Release;
		};
		88AFF73F17C3615200DCDE7E /* Debug */ = {
			isa = XCBuildConfiguration;
			buildSettings = {
				CODE_SIGN_IDENTITY = "iPhone Developer";
				"CODE_SIGN_IDENTITY[sdk=iphoneos*]" = "iPhone Developer";
				GCC_PRECOMPILE_PREFIX_HEADER = YES;
				GCC_PREFIX_HEADER = "ZuoxinApp/ZuoxinApp-Prefix.pch";
				INFOPLIST_FILE = "ZuoxinApp/ZuoxinApp-Info.plist";
				IPHONEOS_DEPLOYMENT_TARGET = 5.1;
				OTHER_LDFLAGS = (
					"-objC",
					"-all_load",
				);
				PRODUCT_NAME = "$(TARGET_NAME)";
				PROVISIONING_PROFILE = "";
				"PROVISIONING_PROFILE[sdk=iphoneos*]" = "";
				TARGETED_DEVICE_FAMILY = 1;
				WRAPPER_EXTENSION = app;
			};
			name = Debug;
		};
		88AFF74017C3615200DCDE7E /* Release */ = {
			isa = XCBuildConfiguration;
			buildSettings = {
				CODE_SIGN_IDENTITY = "iPhone Developer";
				"CODE_SIGN_IDENTITY[sdk=iphoneos*]" = "iPhone Developer";
				GCC_PRECOMPILE_PREFIX_HEADER = YES;
				GCC_PREFIX_HEADER = "ZuoxinApp/ZuoxinApp-Prefix.pch";
				INFOPLIST_FILE = "ZuoxinApp/ZuoxinApp-Info.plist";
				IPHONEOS_DEPLOYMENT_TARGET = 5.1;
				OTHER_LDFLAGS = (
					"-objC",
					"-all_load",
				);
				PRODUCT_NAME = "$(TARGET_NAME)";
				PROVISIONING_PROFILE = "";
				"PROVISIONING_PROFILE[sdk=iphoneos*]" = "";
				TARGETED_DEVICE_FAMILY = 1;
				WRAPPER_EXTENSION = app;
			};
			name = Release;
		};
/* End XCBuildConfiguration section */

/* Begin XCConfigurationList section */
		88AFF71A17C3615200DCDE7E /* Build configuration list for PBXProject "ZuoxinApp" */ = {
			isa = XCConfigurationList;
			buildConfigurations = (
				88AFF73C17C3615200DCDE7E /* Debug */,
				88AFF73D17C3615200DCDE7E /* Release */,
			);
			defaultConfigurationIsVisible = 0;
			defaultConfigurationName = Release;
		};
		88AFF73E17C3615200DCDE7E /* Build configuration list for PBXNativeTarget "ZuoxinApp" */ = {
			isa = XCConfigurationList;
			buildConfigurations = (
				88AFF73F17C3615200DCDE7E /* Debug */,
				88AFF74017C3615200DCDE7E /* Release */,
			);
			defaultConfigurationIsVisible = 0;
			defaultConfigurationName = Release;
		};
/* End XCConfigurationList section */
	};
	rootObject = 88AFF71717C3615200DCDE7E /* Project object */;
}
